
Microsoft Visual Studio Solution File, Format Version 12.00
# Visual Studio Version 16
VisualStudioVersion = 16.0.31624.102
MinimumVisualStudioVersion = 10.0.40219.1
Project("{9A19103F-16F7-4668-BE54-9A1E7A4F7556}") = "MyBudgetAPI", "MyBudgetAPI\MyBudgetAPI.csproj", "{76F72F9E-5881-4EE6-B3A7-DB88EFAAE9B5}"
EndProject
Project("{9A19103F-16F7-4668-BE54-9A1E7A4F7556}") = "MyBudgetApi.Core", "MyBudgetApi.Core\MyBudgetApi.Core.csproj", "{CCC5E4A1-999B-40C7-BE19-F60DB59B58EF}"
EndProject
Project("{9A19103F-16F7-4668-BE54-9A1E7A4F7556}") = "MyBudgetApi.Data", "MyBudgetApi.Data\MyBudgetApi.Data.csproj", "{CA6CC59B-3F3C-400D-80ED-91329946E945}"
EndProject
Project("{9A19103F-16F7-4668-BE54-9A1E7A4F7556}") = "MyBudgetApi.Services", "MyBudgetApi.Services\MyBudgetApi.Services.csproj", "{97A3A538-AAA8-40AA-AF03-003A8AA5CD46}"
EndProject
Project("{9A19103F-16F7-4668-BE54-9A1E7A4F7556}") = "MyBudgetApi.Services.Abstractions", "MyBudgetApi.Services.Abstractions\MyBudgetApi.Services.Abstractions.csproj", "{A672C0C5-6190-40FD-9538-55866761C53B}"
EndProject
Project("{9A19103F-16F7-4668-BE54-9A1E7A4F7556}") = "MyBudgetAPI.UnitTests", "MyBudgetAPI.UnitTests\MyBudgetAPI.UnitTests.csproj", "{255CB743-0CC7-491D-8359-EC5DEBB3E3BE}"
EndProject
Project("{E53339B2-1760-4266-BCC7-CA923CBCF16C}") = "docker-compose", "docker-compose.dcproj", "{9EDB767F-D04E-41BB-A080-4854F2672510}"
EndProject
Global
	GlobalSection(SolutionConfigurationPlatforms) = preSolution
		Debug|Any CPU = Debug|Any CPU
		Release|Any CPU = Release|Any CPU
	EndGlobalSection
	GlobalSection(ProjectConfigurationPlatforms) = postSolution
		{76F72F9E-5881-4EE6-B3A7-DB88EFAAE9B5}.Debug|Any CPU.ActiveCfg = Debug|Any CPU
		{76F72F9E-5881-4EE6-B3A7-DB88EFAAE9B5}.Debug|Any CPU.Build.0 = Debug|Any CPU
		{76F72F9E-5881-4EE6-B3A7-DB88EFAAE9B5}.Release|Any CPU.ActiveCfg = Release|Any CPU
		{76F72F9E-5881-4EE6-B3A7-DB88EFAAE9B5}.Release|Any CPU.Build.0 = Release|Any CPU
		{CCC5E4A1-999B-40C7-BE19-F60DB59B58EF}.Debug|Any CPU.ActiveCfg = Debug|Any CPU
		{CCC5E4A1-999B-40C7-BE19-F60DB59B58EF}.Debug|Any CPU.Build.0 = Debug|Any CPU
		{CCC5E4A1-999B-40C7-BE19-F60DB59B58EF}.Release|Any CPU.ActiveCfg = Release|Any CPU
		{CCC5E4A1-999B-40C7-BE19-F60DB59B58EF}.Release|Any CPU.Build.0 = Release|Any CPU
		{CA6CC59B-3F3C-400D-80ED-91329946E945}.Debug|Any CPU.ActiveCfg = Debug|Any CPU
		{CA6CC59B-3F3C-400D-80ED-91329946E945}.Debug|Any CPU.Build.0 = Debug|Any CPU
		{CA6CC59B-3F3C-400D-80ED-91329946E945}.Release|Any CPU.ActiveCfg = Release|Any CPU
		{CA6CC59B-3F3C-400D-80ED-91329946E945}.Release|Any CPU.Build.0 = Release|Any CPU
		{97A3A538-AAA8-40AA-AF03-003A8AA5CD46}.Debug|Any CPU.ActiveCfg = Debug|Any CPU
		{97A3A538-AAA8-40AA-AF03-003A8AA5CD46}.Debug|Any CPU.Build.0 = Debug|Any CPU
		{97A3A538-AAA8-40AA-AF03-003A8AA5CD46}.Release|Any CPU.ActiveCfg = Release|Any CPU
		{97A3A538-AAA8-40AA-AF03-003A8AA5CD46}.Release|Any CPU.Build.0 = Release|Any CPU
		{A672C0C5-6190-40FD-9538-55866761C53B}.Debug|Any CPU.ActiveCfg = Debug|Any CPU
		{A672C0C5-6190-40FD-9538-55866761C53B}.Debug|Any CPU.Build.0 = Debug|Any CPU
		{A672C0C5-6190-40FD-9538-55866761C53B}.Release|Any CPU.ActiveCfg = Release|Any CPU
		{A672C0C5-6190-40FD-9538-55866761C53B}.Release|Any CPU.Build.0 = Release|Any CPU
		{255CB743-0CC7-491D-8359-EC5DEBB3E3BE}.Debug|Any CPU.ActiveCfg = Debug|Any CPU
		{255CB743-0CC7-491D-8359-EC5DEBB3E3BE}.Debug|Any CPU.Build.0 = Debug|Any CPU
		{255CB743-0CC7-491D-8359-EC5DEBB3E3BE}.Release|Any CPU.ActiveCfg = Release|Any CPU
		{255CB743-0CC7-491D-8359-EC5DEBB3E3BE}.Release|Any CPU.Build.0 = Release|Any CPU
		{9EDB767F-D04E-41BB-A080-4854F2672510}.Debug|Any CPU.ActiveCfg = Debug|Any CPU
		{9EDB767F-D04E-41BB-A080-4854F2672510}.Debug|Any CPU.Build.0 = Debug|Any CPU
		{9EDB767F-D04E-41BB-A080-4854F2672510}.Release|Any CPU.ActiveCfg = Release|Any CPU
		{9EDB767F-D04E-41BB-A080-4854F2672510}.Release|Any CPU.Build.0 = Release|Any CPU
	EndGlobalSection
	GlobalSection(SolutionProperties) = preSolution
		HideSolutionNode = FALSE
	EndGlobalSection
	GlobalSection(ExtensibilityGlobals) = postSolution
		SolutionGuid = {529AB9A4-02E1-4E3B-8841-7A3755700D4F}
	EndGlobalSection
EndGlobal
